
Microsoft Visual Studio Solution File, Format Version 12.00
# Visual Studio Version 17
VisualStudioVersion = 17.0.31912.275
MinimumVisualStudioVersion = 10.0.40219.1
Project("{FAE04EC0-301F-11D3-BF4B-00C04F79EFBC}") = "ShapeChecker", "ShapeChecker\ShapeChecker.csproj", "{9FE5FB79-F785-4502-B623-88CB5A65E3C5}"
EndProject
Global
	GlobalSection(SolutionConfigurationPlatforms) = preSolution
		Debug|Any CPU = Debug|Any CPU
		Release|Any CPU = Release|Any CPU
	EndGlobalSection
	GlobalSection(ProjectConfigurationPlatforms) = postSolution
		{9FE5FB79-F785-4502-B623-88CB5A65E3C5}.Debug|Any CPU.ActiveCfg = Debug|Any CPU
		{9FE5FB79-F785-4502-B623-88CB5A65E3C5}.Debug|Any CPU.Build.0 = Debug|Any CPU
		{9FE5FB79-F785-4502-B623-88CB5A65E3C5}.Release|Any CPU.ActiveCfg = Release|Any CPU
		{9FE5FB79-F785-4502-B623-88CB5A65E3C5}.Release|Any CPU.Build.0 = Release|Any CPU
	EndGlobalSection
	GlobalSection(SolutionProperties) = preSolution
		HideSolutionNode = FALSE
	EndGlobalSection
	GlobalSection(ExtensibilityGlobals) = postSolution
		SolutionGuid = {AB62B8F3-0FDC-463A-B1B2-DB24761B9784}
	EndGlobalSection
EndGlobal
